
Microsoft Visual Studio Solution File, Format Version 12.00
# Visual Studio Version 17
VisualStudioVersion = 17.9.34728.123
MinimumVisualStudioVersion = 10.0.40219.1
Project("{FAE04EC0-301F-11D3-BF4B-00C04F79EFBC}") = "Lesson07", "Lesson07\Lesson07.csproj", "{FE2B7015-F05B-4339-8239-2EBD7E373CF9}"
EndProject
Global
	GlobalSection(SolutionConfigurationPlatforms) = preSolution
		Debug|Any CPU = Debug|Any CPU
		Release|Any CPU = Release|Any CPU
	EndGlobalSection
	GlobalSection(ProjectConfigurationPlatforms) = postSolution
		{FE2B7015-F05B-4339-8239-2EBD7E373CF9}.Debug|Any CPU.ActiveCfg = Debug|Any CPU
		{FE2B7015-F05B-4339-8239-2EBD7E373CF9}.Debug|Any CPU.Build.0 = Debug|Any CPU
		{FE2B7015-F05B-4339-8239-2EBD7E373CF9}.Release|Any CPU.ActiveCfg = Release|Any CPU
		{FE2B7015-F05B-4339-8239-2EBD7E373CF9}.Release|Any CPU.Build.0 = Release|Any CPU
	EndGlobalSection
	GlobalSection(SolutionProperties) = preSolution
		HideSolutionNode = FALSE
	EndGlobalSection
	GlobalSection(ExtensibilityGlobals) = postSolution
		SolutionGuid = {14BC1F2A-50FC-49DA-A963-1EB0CFC8430C}
	EndGlobalSection
EndGlobal
